github.com/bufbuild/protovalidate v0.3.1 h1:kTUVlT0nWxYy+sZc8r10PCYtCUkhgfMn3Rp7gh5h0Lw=
github.com/grpc-ecosystem/grpc-gateway v2.19.1 h1:01NNlCezvwUQ07ZvblXH0kelWq8hNl2qb44bOMcaSTQ=
github.com/hound672/proto-experiments v0.0.0-20251213223523-7791cb78eabe7edad4de915363083e64b5dddc37 h1:TDglR7JdgqtNhSS79bGBANuv6+Njn5i5XpEPXEbvdeY=
github.com/sipki-tech/currency v0.1.2 h1:CXCqZnOEKWMNFrB9n2eZanWOQkRTxAAijMFUjd/7ZQM=
