# Generated by buf. DO NOT EDIT.
version: v1
deps:
  - remote: buf.build
    owner: hound672
    repository: test
    commit: b1a9414ee92b4e73b1acb656bf847098
    digest: shake256:06f5647dbae7e3bc59515549513fe688a5fdf12a63bed99297d33bd587d98a72af38e4816b004a3cb7c8513f88a475376ba4bbbaccfeef48db6d1a71ad1dc744
