# Generated by buf. DO NOT EDIT.
version: v1
deps:
  - remote: buf.build
    owner: bufbuild
    repository: protovalidate
    commit: c646c9dcc35947c6ba0d1c5373ef404d
    digest: shake256:626bc9f2b732a341524ebfbd0502dd8dd51c7a1937a43e214155b966dc70d20f73ad3c93acf453ced66889bf687258f2216e5c98e4ff25c09a1fa6e882f54d96
