# Generated by buf. DO NOT EDIT.
version: v1
deps:
  - remote: buf.build
    owner: hound672
    repository: test
    commit: e79bf7a81da1413984a06880e995bda2
    digest: shake256:2f29ea137ac9199c21a09bb723e4c759ef094804d47c6c6b2f6178bed80638f4f728a6b2662ca7a3be57beeb225f0fb76695b6390c10c885d4056b9d833c2ef1
